{
  "version": 4,
  "terraform_version": "0.13.2",
  "serial": 40,
  "lineage": "3bd3bb51-ece7-93f7-c99f-268dd2f77ab4",
  "outputs": {},
  "resources": [
    {
      "mode": "managed",
      "type": "google_cloudfunctions_function",
      "name": "function",
      "provider": "provider[\"registry.terraform.io/hashicorp/google\"]",
      "instances": [
        {
          "schema_version": 0,
          "attributes": {
            "available_memory_mb": 128,
            "description": "Trigger Dataflow job from GCS bucket",
            "entry_point": "hello_gcs",
            "environment_variables": null,
            "event_trigger": [],
            "https_trigger_url": "https://us-central1-learning-dataflow-289320.cloudfunctions.net/ddd-function",
            "id": "projects/learning-dataflow-289320/locations/us-central1/functions/ddd-function",
            "labels": null,
            "max_instances": 0,
            "name": "ddd-function",
            "project": "learning-dataflow-289320",
            "region": "us-central1",
            "runtime": "python37",
            "service_account_email": "learning-dataflow-289320@appspot.gserviceaccount.com",
            "source_archive_bucket": "deep-dive-dataflow-11223344",
            "source_archive_object": "scripts/function-source.zip",
            "source_repository": [],
            "timeout": 60,
            "timeouts": null,
            "trigger_http": true,
            "vpc_connector": ""
          },
          "private": "eyJlMmJmYjczMC1lY2FhLTExZTYtOGY4OC0zNDM2M2JjN2M0YzAiOnsiY3JlYXRlIjozMDAwMDAwMDAwMDAsImRlbGV0ZSI6MzAwMDAwMDAwMDAwLCJyZWFkIjozMDAwMDAwMDAwMDAsInVwZGF0ZSI6MzAwMDAwMDAwMDAwfX0=",
          "dependencies": [
            "google_storage_bucket.dataflow-jobs",
            "google_storage_bucket_object.archive"
          ]
        }
      ]
    },
    {
      "mode": "managed",
      "type": "google_storage_bucket",
      "name": "dataflow-jobs",
      "provider": "provider[\"registry.terraform.io/hashicorp/google\"]",
      "instances": [
        {
          "schema_version": 0,
          "attributes": {
            "bucket_policy_only": false,
            "cors": [],
            "encryption": [],
            "force_destroy": false,
            "id": "deep-dive-dataflow-11223344",
            "labels": null,
            "lifecycle_rule": [],
            "location": "US-CENTRAL1",
            "logging": [],
            "name": "deep-dive-dataflow-11223344",
            "project": "learning-dataflow-289320",
            "requester_pays": false,
            "retention_policy": [],
            "self_link": "https://www.googleapis.com/storage/v1/b/deep-dive-dataflow-11223344",
            "storage_class": "STANDARD",
            "url": "gs://deep-dive-dataflow-11223344",
            "versioning": [],
            "website": []
          },
          "private": "bnVsbA=="
        }
      ]
    },
    {
      "mode": "managed",
      "type": "google_storage_bucket_object",
      "name": "archive",
      "provider": "provider[\"registry.terraform.io/hashicorp/google\"]",
      "instances": [
        {
          "schema_version": 0,
          "attributes": {
            "bucket": "deep-dive-dataflow-11223344",
            "cache_control": "",
            "content": null,
            "content_disposition": "",
            "content_encoding": "",
            "content_language": "",
            "content_type": "application/zip",
            "crc32c": "H1V5Rg==",
            "detect_md5hash": "sa16O/H8ARVbhWfxb1Pj0g==",
            "id": "deep-dive-dataflow-11223344-scripts/function-source.zip",
            "md5hash": "sa16O/H8ARVbhWfxb1Pj0g==",
            "name": "scripts/function-source.zip",
            "output_name": "scripts/function-source.zip",
            "self_link": "https://www.googleapis.com/storage/v1/b/deep-dive-dataflow-11223344/o/scripts%2Ffunction-source.zip",
            "source": "scripts/function-source.zip",
            "storage_class": "STANDARD"
          },
          "private": "bnVsbA==",
          "dependencies": [
            "google_storage_bucket.dataflow-jobs"
          ]
        }
      ]
    },
    {
      "mode": "managed",
      "type": "google_storage_bucket_object",
      "name": "data-file",
      "provider": "provider[\"registry.terraform.io/hashicorp/google\"]",
      "instances": [
        {
          "schema_version": 0,
          "attributes": {
            "bucket": "deep-dive-dataflow-11223344",
            "cache_control": "",
            "content": null,
            "content_disposition": "",
            "content_encoding": "",
            "content_language": "",
            "content_type": "text/plain; charset=utf-8",
            "crc32c": "PL7Fjg==",
            "detect_md5hash": "cBH3sqXLsKzN6mJ9RgZVow==",
            "id": "deep-dive-dataflow-11223344-input/COVID-19_Historical_Data_Table.json",
            "md5hash": "cBH3sqXLsKzN6mJ9RgZVow==",
            "name": "input/COVID-19_Historical_Data_Table.json",
            "output_name": "input/COVID-19_Historical_Data_Table.json",
            "self_link": "https://www.googleapis.com/storage/v1/b/deep-dive-dataflow-11223344/o/input%2FCOVID-19_Historical_Data_Table.json",
            "source": "/home/karl/source/deep-dive/data/COVID-19_Historical_Data_Table.json",
            "storage_class": "STANDARD"
          },
          "private": "bnVsbA==",
          "dependencies": [
            "google_cloudfunctions_function.function",
            "google_storage_bucket.dataflow-jobs",
            "google_storage_bucket_object.archive"
          ]
        }
      ]
    }
  ]
}
